
Microsoft Visual Studio Solution File, Format Version 12.00
# Visual Studio Version 16
VisualStudioVersion = 16.0.31624.102
MinimumVisualStudioVersion = 10.0.40219.1
Project("{FAE04EC0-301F-11D3-BF4B-00C04F79EFBC}") = "StudentInfoSystem", "StudentInfoSystem\StudentInfoSystem.csproj", "{4D186916-EAA6-40F9-9E99-F5922C9C0FBA}"
EndProject
Global
	GlobalSection(SolutionConfigurationPlatforms) = preSolution
		Debug|Any CPU = Debug|Any CPU
		Release|Any CPU = Release|Any CPU
	EndGlobalSection
	GlobalSection(ProjectConfigurationPlatforms) = postSolution
		{4D186916-EAA6-40F9-9E99-F5922C9C0FBA}.Debug|Any CPU.ActiveCfg = Debug|Any CPU
		{4D186916-EAA6-40F9-9E99-F5922C9C0FBA}.Debug|Any CPU.Build.0 = Debug|Any CPU
		{4D186916-EAA6-40F9-9E99-F5922C9C0FBA}.Release|Any CPU.ActiveCfg = Release|Any CPU
		{4D186916-EAA6-40F9-9E99-F5922C9C0FBA}.Release|Any CPU.Build.0 = Release|Any CPU
	EndGlobalSection
	GlobalSection(SolutionProperties) = preSolution
		HideSolutionNode = FALSE
	EndGlobalSection
	GlobalSection(ExtensibilityGlobals) = postSolution
		SolutionGuid = {66F8BA09-B5CF-413E-B830-316EA6C339E9}
	EndGlobalSection
EndGlobal
